// !$*UTF8*$!
{
	archiveVersion = 1;
	classes = {
	};
	objectVersion = 50;
	objects = {

/* Begin PBXBuildFile section */
		A39C62DF26CD6C6500092DAE /* AppDelegate.swift in Sources */ = {isa = PBXBuildFile; fileRef = A39C62DE26CD6C6500092DAE /* AppDelegate.swift */; };
		A39C62E126CD6C6500092DAE /* ContentView.swift in Sources */ = {isa = PBXBuildFile; fileRef = A39C62E026CD6C6500092DAE /* ContentView.swift */; };
		A39C62E326CD6C6700092DAE /* Assets.xcassets in Resources */ = {isa = PBXBuildFile; fileRef = A39C62E226CD6C6700092DAE /* Assets.xcassets */; };
		A39C62E626CD6C6700092DAE /* Preview Assets.xcassets in Resources */ = {isa = PBXBuildFile; fileRef = A39C62E526CD6C6700092DAE /* Preview Assets.xcassets */; };
		A39C62E926CD6C6700092DAE /* Main.storyboard in Resources */ = {isa = PBXBuildFile; fileRef = A39C62E726CD6C6700092DAE /* Main.storyboard */; };
		A39C62F626CD76F600092DAE /* AdapterBLEDevice.swift in Sources */ = {isa = PBXBuildFile; fileRef = A39C62F126CD76F400092DAE /* AdapterBLEDevice.swift */; };
		A39C62F726CD76F600092DAE /* AdapterUUID.swift in Sources */ = {isa = PBXBuildFile; fileRef = A39C62F226CD76F500092DAE /* AdapterUUID.swift */; };
		A39C62F826CD76F600092DAE /* DeviceConsoleLogger.swift in Sources */ = {isa = PBXBuildFile; fileRef = A39C62F326CD76F500092DAE /* DeviceConsoleLogger.swift */; };
		A39C62F926CD76F600092DAE /* Logger.swift in Sources */ = {isa = PBXBuildFile; fileRef = A39C62F426CD76F500092DAE /* Logger.swift */; };
		A39C62FA26CD76F600092DAE /* AdapterGattServer.swift in Sources */ = {isa = PBXBuildFile; fileRef = A39C62F526CD76F600092DAE /* AdapterGattServer.swift */; };
/* End PBXBuildFile section */

/* Begin PBXFileReference section */
		A39C62DB26CD6C6500092DAE /* GattServerSimulator.app */ = {isa = PBXFileReference; explicitFileType = wrapper.application; includeInIndex = 0; path = GattServerSimulator.app; sourceTree = BUILT_PRODUCTS_DIR; };
		A39C62DE26CD6C6500092DAE /* AppDelegate.swift */ = {isa = PBXFileReference; lastKnownFileType = sourcecode.swift; path = AppDelegate.swift; sourceTree = "<group>"; };
		A39C62E026CD6C6500092DAE /* ContentView.swift */ = {isa = PBXFileReference; lastKnownFileType = sourcecode.swift; path = ContentView.swift; sourceTree = "<group>"; };
		A39C62E226CD6C6700092DAE /* Assets.xcassets */ = {isa = PBXFileReference; lastKnownFileType = folder.assetcatalog; path = Assets.xcassets; sourceTree = "<group>"; };
		A39C62E526CD6C6700092DAE /* Preview Assets.xcassets */ = {isa = PBXFileReference; lastKnownFileType = folder.assetcatalog; path = "Preview Assets.xcassets"; sourceTree = "<group>"; };
		A39C62E826CD6C6700092DAE /* Base */ = {isa = PBXFileReference; lastKnownFileType = file.storyboard; name = Base; path = Base.lproj/Main.storyboard; sourceTree = "<group>"; };
		A39C62EA26CD6C6700092DAE /* Info.plist */ = {isa = PBXFileReference; lastKnownFileType = text.plist.xml; path = Info.plist; sourceTree = "<group>"; };
		A39C62EB26CD6C6700092DAE /* GattServerSimulator.entitlements */ = {isa = PBXFileReference; lastKnownFileType = text.plist.entitlements; path = GattServerSimulator.entitlements; sourceTree = "<group>"; };
		A39C62F126CD76F400092DAE /* AdapterBLEDevice.swift */ = {isa = PBXFileReference; fileEncoding = 4; lastKnownFileType = sourcecode.swift; path = AdapterBLEDevice.swift; sourceTree = "<group>"; };
		A39C62F226CD76F500092DAE /* AdapterUUID.swift */ = {isa = PBXFileReference; fileEncoding = 4; lastKnownFileType = sourcecode.swift; path = AdapterUUID.swift; sourceTree = "<group>"; };
		A39C62F326CD76F500092DAE /* DeviceConsoleLogger.swift */ = {isa = PBXFileReference; fileEncoding = 4; lastKnownFileType = sourcecode.swift; path = DeviceConsoleLogger.swift; sourceTree = "<group>"; };
		A39C62F426CD76F500092DAE /* Logger.swift */ = {isa = PBXFileReference; fileEncoding = 4; lastKnownFileType = sourcecode.swift; path = Logger.swift; sourceTree = "<group>"; };
		A39C62F526CD76F600092DAE /* AdapterGattServer.swift */ = {isa = PBXFileReference; fileEncoding = 4; lastKnownFileType = sourcecode.swift; path = AdapterGattServer.swift; sourceTree = "<group>"; };
/* End PBXFileReference section */

/* Begin PBXFrameworksBuildPhase section */
		A39C62D826CD6C6500092DAE /* Frameworks */ = {
			isa = PBXFrameworksBuildPhase;
			buildActionMask = 2147483647;
			files = (
			);
			runOnlyForDeploymentPostprocessing = 0;
		};
/* End PBXFrameworksBuildPhase section */

/* Begin PBXGroup section */
		A39C62D226CD6C6500092DAE = {
			isa = PBXGroup;
			children = (
				A39C62DD26CD6C6500092DAE /* GattServerSimulator */,
				A39C62DC26CD6C6500092DAE /* Products */,
			);
			sourceTree = "<group>";
		};
		A39C62DC26CD6C6500092DAE /* Products */ = {
			isa = PBXGroup;
			children = (
				A39C62DB26CD6C6500092DAE /* GattServerSimulator.app */,
			);
			name = Products;
			sourceTree = "<group>";
		};
		A39C62DD26CD6C6500092DAE /* GattServerSimulator */ = {
			isa = PBXGroup;
			children = (
				A39C62F126CD76F400092DAE /* AdapterBLEDevice.swift */,
				A39C62F526CD76F600092DAE /* AdapterGattServer.swift */,
				A39C62F226CD76F500092DAE /* AdapterUUID.swift */,
				A39C62F326CD76F500092DAE /* DeviceConsoleLogger.swift */,
				A39C62F426CD76F500092DAE /* Logger.swift */,
				A39C62DE26CD6C6500092DAE /* AppDelegate.swift */,
				A39C62E026CD6C6500092DAE /* ContentView.swift */,
				A39C62E226CD6C6700092DAE /* Assets.xcassets */,
				A39C62E726CD6C6700092DAE /* Main.storyboard */,
				A39C62EA26CD6C6700092DAE /* Info.plist */,
				A39C62EB26CD6C6700092DAE /* GattServerSimulator.entitlements */,
				A39C62E426CD6C6700092DAE /* Preview Content */,
			);
			path = GattServerSimulator;
			sourceTree = "<group>";
		};
		A39C62E426CD6C6700092DAE /* Preview Content */ = {
			isa = PBXGroup;
			children = (
				A39C62E526CD6C6700092DAE /* Preview Assets.xcassets */,
			);
			path = "Preview Content";
			sourceTree = "<group>";
		};
/* End PBXGroup section */

/* Begin PBXNativeTarget section */
		A39C62DA26CD6C6500092DAE /* GattServerSimulator */ = {
			isa = PBXNativeTarget;
			buildConfigurationList = A39C62EE26CD6C6700092DAE /* Build configuration list for PBXNativeTarget "GattServerSimulator" */;
			buildPhases = (
				A39C62D726CD6C6500092DAE /* Sources */,
				A39C62D826CD6C6500092DAE /* Frameworks */,
				A39C62D926CD6C6500092DAE /* Resources */,
			);
			buildRules = (
			);
			dependencies = (
			);
			name = GattServerSimulator;
			productName = GattServerSimulator;
			productReference = A39C62DB26CD6C6500092DAE /* GattServerSimulator.app */;
			productType = "com.apple.product-type.application";
		};
/* End PBXNativeTarget section */

/* Begin PBXProject section */
		A39C62D326CD6C6500092DAE /* Project object */ = {
			isa = PBXProject;
			attributes = {
				LastSwiftUpdateCheck = 1250;
				LastUpgradeCheck = 1250;
				TargetAttributes = {
					A39C62DA26CD6C6500092DAE = {
						CreatedOnToolsVersion = 12.5.1;
					};
				};
			};
			buildConfigurationList = A39C62D626CD6C6500092DAE /* Build configuration list for PBXProject "GattServerSimulator" */;
			compatibilityVersion = "Xcode 9.3";
			developmentRegion = en;
			hasScannedForEncodings = 0;
			knownRegions = (
				en,
				Base,
			);
			mainGroup = A39C62D226CD6C6500092DAE;
			productRefGroup = A39C62DC26CD6C6500092DAE /* Products */;
			projectDirPath = "";
			projectRoot = "";
			targets = (
				A39C62DA26CD6C6500092DAE /* GattServerSimulator */,
			);
		};
/* End PBXProject section */

/* Begin PBXResourcesBuildPhase section */
		A39C62D926CD6C6500092DAE /* Resources */ = {
			isa = PBXResourcesBuildPhase;
			buildActionMask = 2147483647;
			files = (
				A39C62E926CD6C6700092DAE /* Main.storyboard in Resources */,
				A39C62E626CD6C6700092DAE /* Preview Assets.xcassets in Resources */,
				A39C62E326CD6C6700092DAE /* Assets.xcassets in Resources */,
			);
			runOnlyForDeploymentPostprocessing = 0;
		};
/* End PBXResourcesBuildPhase section */

/* Begin PBXSourcesBuildPhase section */
		A39C62D726CD6C6500092DAE /* Sources */ = {
			isa = PBXSourcesBuildPhase;
			buildActionMask = 2147483647;
			files = (
				A39C62F726CD76F600092DAE /* AdapterUUID.swift in Sources */,
				A39C62F926CD76F600092DAE /* Logger.swift in Sources */,
				A39C62F626CD76F600092DAE /* AdapterBLEDevice.swift in Sources */,
				A39C62E126CD6C6500092DAE /* ContentView.swift in Sources */,
				A39C62FA26CD76F600092DAE /* AdapterGattServer.swift in Sources */,
				A39C62F826CD76F600092DAE /* DeviceConsoleLogger.swift in Sources */,
				A39C62DF26CD6C6500092DAE /* AppDelegate.swift in Sources */,
			);
			runOnlyForDeploymentPostprocessing = 0;
		};
/* End PBXSourcesBuildPhase section */

/* Begin PBXVariantGroup section */
		A39C62E726CD6C6700092DAE /* Main.storyboard */ = {
			isa = PBXVariantGroup;
			children = (
				A39C62E826CD6C6700092DAE /* Base */,
			);
			name = Main.storyboard;
			sourceTree = "<group>";
		};
/* End PBXVariantGroup section */

/* Begin XCBuildConfiguration section */
		A39C62EC26CD6C6700092DAE /* Debug */ = {
			isa = XCBuildConfiguration;
			buildSettings = {
				ALWAYS_SEARCH_USER_PATHS = NO;
				CLANG_ANALYZER_NONNULL = YES;
				CLANG_ANALYZER_NUMBER_OBJECT_CONVERSION = YES_AGGRESSIVE;
				CLANG_CXX_LANGUAGE_STANDARD = "gnu++14";
				CLANG_CXX_LIBRARY = "libc++";
				CLANG_ENABLE_MODULES = YES;
				CLANG_ENABLE_OBJC_ARC = YES;
				CLANG_ENABLE_OBJC_WEAK = YES;
				CLANG_WARN_BLOCK_CAPTURE_AUTORELEASING = YES;
				CLANG_WARN_BOOL_CONVERSION = YES;
				CLANG_WARN_COMMA = YES;
				CLANG_WARN_CONSTANT_CONVERSION = YES;
				CLANG_WARN_DEPRECATED_OBJC_IMPLEMENTATIONS = YES;
				CLANG_WARN_DIRECT_OBJC_ISA_USAGE = YES_ERROR;
				CLANG_WARN_DOCUMENTATION_COMMENTS = YES;
				CLANG_WARN_EMPTY_BODY = YES;
				CLANG_WARN_ENUM_CONVERSION = YES;
				CLANG_WARN_INFINITE_RECURSION = YES;
				CLANG_WARN_INT_CONVERSION = YES;
				CLANG_WARN_NON_LITERAL_NULL_CONVERSION = YES;
				CLANG_WARN_OBJC_IMPLICIT_RETAIN_SELF = YES;
				CLANG_WARN_OBJC_LITERAL_CONVERSION = YES;
				CLANG_WARN_OBJC_ROOT_CLASS = YES_ERROR;
				CLANG_WARN_QUOTED_INCLUDE_IN_FRAMEWORK_HEADER = YES;
				CLANG_WARN_RANGE_LOOP_ANALYSIS = YES;
				CLANG_WARN_STRICT_PROTOTYPES = YES;
				CLANG_WARN_SUSPICIOUS_MOVE = YES;
				CLANG_WARN_UNGUARDED_AVAILABILITY = YES_AGGRESSIVE;
				CLANG_WARN_UNREACHABLE_CODE = YES;
				CLANG_WARN__DUPLICATE_METHOD_MATCH = YES;
				COPY_PHASE_STRIP = NO;
				DEBUG_INFORMATION_FORMAT = dwarf;
				ENABLE_STRICT_OBJC_MSGSEND = YES;
				ENABLE_TESTABILITY = YES;
				GCC_C_LANGUAGE_STANDARD = gnu11;
				GCC_DYNAMIC_NO_PIC = NO;
				GCC_NO_COMMON_BLOCKS = YES;
				GCC_OPTIMIZATION_LEVEL = 0;
				GCC_PREPROCESSOR_DEFINITIONS = (
					"DEBUG=1",
					"$(inherited)",
				);
				GCC_WARN_64_TO_32_BIT_CONVERSION = YES;
				GCC_WARN_ABOUT_RETURN_TYPE = YES_ERROR;
				GCC_WARN_UNDECLARED_SELECTOR = YES;
				GCC_WARN_UNINITIALIZED_AUTOS = YES_AGGRESSIVE;
				GCC_WARN_UNUSED_FUNCTION = YES;
				GCC_WARN_UNUSED_VARIABLE = YES;
				MACOSX_DEPLOYMENT_TARGET = 11.3;
				MTL_ENABLE_DEBUG_INFO = INCLUDE_SOURCE;
				MTL_FAST_MATH = YES;
				ONLY_ACTIVE_ARCH = YES;
				SDKROOT = macosx;
				SWIFT_ACTIVE_COMPILATION_CONDITIONS = DEBUG;
				SWIFT_OPTIMIZATION_LEVEL = "-Onone";
			};
			name = Debug;
		};
		A39C62ED26CD6C6700092DAE /* Release */ = {
			isa = XCBuildConfiguration;
			buildSettings = {
				ALWAYS_SEARCH_USER_PATHS = NO;
				CLANG_ANALYZER_NONNULL = YES;
				CLANG_ANALYZER_NUMBER_OBJECT_CONVERSION = YES_AGGRESSIVE;
				CLANG_CXX_LANGUAGE_STANDARD = "gnu++14";
				CLANG_CXX_LIBRARY = "libc++";
				CLANG_ENABLE_MODULES = YES;
				CLANG_ENABLE_OBJC_ARC = YES;
				CLANG_ENABLE_OBJC_WEAK = YES;
				CLANG_WARN_BLOCK_CAPTURE_AUTORELEASING = YES;
				CLANG_WARN_BOOL_CONVERSION = YES;
				CLANG_WARN_COMMA = YES;
				CLANG_WARN_CONSTANT_CONVERSION = YES;
				CLANG_WARN_DEPRECATED_OBJC_IMPLEMENTATIONS = YES;
				CLANG_WARN_DIRECT_OBJC_ISA_USAGE = YES_ERROR;
				CLANG_WARN_DOCUMENTATION_COMMENTS = YES;
				CLANG_WARN_EMPTY_BODY = YES;
				CLANG_WARN_ENUM_CONVERSION = YES;
				CLANG_WARN_INFINITE_RECURSION = YES;
				CLANG_WARN_INT_CONVERSION = YES;
				CLANG_WARN_NON_LITERAL_NULL_CONVERSION = YES;
				CLANG_WARN_OBJC_IMPLICIT_RETAIN_SELF = YES;
				CLANG_WARN_OBJC_LITERAL_CONVERSION = YES;
				CLANG_WARN_OBJC_ROOT_CLASS = YES_ERROR;
				CLANG_WARN_QUOTED_INCLUDE_IN_FRAMEWORK_HEADER = YES;
				CLANG_WARN_RANGE_LOOP_ANALYSIS = YES;
				CLANG_WARN_STRICT_PROTOTYPES = YES;
				CLANG_WARN_SUSPICIOUS_MOVE = YES;
				CLANG_WARN_UNGUARDED_AVAILABILITY = YES_AGGRESSIVE;
				CLANG_WARN_UNREACHABLE_CODE = YES;
				CLANG_WARN__DUPLICATE_METHOD_MATCH = YES;
				COPY_PHASE_STRIP = NO;
				DEBUG_INFORMATION_FORMAT = "dwarf-with-dsym";
				ENABLE_NS_ASSERTIONS = NO;
				ENABLE_STRICT_OBJC_MSGSEND = YES;
				GCC_C_LANGUAGE_STANDARD = gnu11;
				GCC_NO_COMMON_BLOCKS = YES;
				GCC_WARN_64_TO_32_BIT_CONVERSION = YES;
				GCC_WARN_ABOUT_RETURN_TYPE = YES_ERROR;
				GCC_WARN_UNDECLARED_SELECTOR = YES;
				GCC_WARN_UNINITIALIZED_AUTOS = YES_AGGRESSIVE;
				GCC_WARN_UNUSED_FUNCTION = YES;
				GCC_WARN_UNUSED_VARIABLE = YES;
				MACOSX_DEPLOYMENT_TARGET = 11.3;
				MTL_ENABLE_DEBUG_INFO = NO;
				MTL_FAST_MATH = YES;
				SDKROOT = macosx;
				SWIFT_COMPILATION_MODE = wholemodule;
				SWIFT_OPTIMIZATION_LEVEL = "-O";
			};
			name = Release;
		};
		A39C62EF26CD6C6700092DAE /* Debug */ = {
			isa = XCBuildConfiguration;
			buildSettings = {
				ASSETCATALOG_COMPILER_APPICON_NAME = AppIcon;
				ASSETCATALOG_COMPILER_GLOBAL_ACCENT_COLOR_NAME = AccentColor;
				CODE_SIGN_ENTITLEMENTS = GattServerSimulator/GattServerSimulator.entitlements;
				CODE_SIGN_STYLE = Automatic;
				COMBINE_HIDPI_IMAGES = YES;
				DEVELOPMENT_ASSET_PATHS = "\"GattServerSimulator/Preview Content\"";
				DEVELOPMENT_TEAM = TS5DZ3CB7T;
				ENABLE_HARDENED_RUNTIME = YES;
				ENABLE_PREVIEWS = YES;
				INFOPLIST_FILE = GattServerSimulator/Info.plist;
				LD_RUNPATH_SEARCH_PATHS = (
					"$(inherited)",
					"@executable_path/../Frameworks",
				);
				MACOSX_DEPLOYMENT_TARGET = 10.15;
				PRODUCT_BUNDLE_IDENTIFIER = com.mobilejazz.GattServerSimulator;
				PRODUCT_NAME = "$(TARGET_NAME)";
				SWIFT_VERSION = 5.0;
			};
			name = Debug;
		};
		A39C62F026CD6C6700092DAE /* Release */ = {
			isa = XCBuildConfiguration;
			buildSettings = {
				ASSETCATALOG_COMPILER_APPICON_NAME = AppIcon;
				ASSETCATALOG_COMPILER_GLOBAL_ACCENT_COLOR_NAME = AccentColor;
				CODE_SIGN_ENTITLEMENTS = GattServerSimulator/GattServerSimulator.entitlements;
				CODE_SIGN_STYLE = Automatic;
				COMBINE_HIDPI_IMAGES = YES;
				DEVELOPMENT_ASSET_PATHS = "\"GattServerSimulator/Preview Content\"";
				DEVELOPMENT_TEAM = TS5DZ3CB7T;
				ENABLE_HARDENED_RUNTIME = YES;
				ENABLE_PREVIEWS = YES;
				INFOPLIST_FILE = GattServerSimulator/Info.plist;
				LD_RUNPATH_SEARCH_PATHS = (
					"$(inherited)",
					"@executable_path/../Frameworks",
				);
				MACOSX_DEPLOYMENT_TARGET = 10.15;
				PRODUCT_BUNDLE_IDENTIFIER = com.mobilejazz.GattServerSimulator;
				PRODUCT_NAME = "$(TARGET_NAME)";
				SWIFT_VERSION = 5.0;
			};
			name = Release;
		};
/* End XCBuildConfiguration section */

/* Begin XCConfigurationList section */
		A39C62D626CD6C6500092DAE /* Build configuration list for PBXProject "GattServerSimulator" */ = {
			isa = XCConfigurationList;
			buildConfigurations = (
				A39C62EC26CD6C6700092DAE /* Debug */,
				A39C62ED26CD6C6700092DAE /* Release */,
			);
			defaultConfigurationIsVisible = 0;
			defaultConfigurationName = Release;
		};
		A39C62EE26CD6C6700092DAE /* Build configuration list for PBXNativeTarget "GattServerSimulator" */ = {
			isa = XCConfigurationList;
			buildConfigurations = (
				A39C62EF26CD6C6700092DAE /* Debug */,
				A39C62F026CD6C6700092DAE /* Release */,
			);
			defaultConfigurationIsVisible = 0;
			defaultConfigurationName = Release;
		};
/* End XCConfigurationList section */
	};
	rootObject = A39C62D326CD6C6500092DAE /* Project object */;
}
